
Microsoft Visual Studio Solution File, Format Version 12.00
# Visual Studio Version 17
VisualStudioVersion = 17.10.34916.146
MinimumVisualStudioVersion = 10.0.40219.1
Project("{FAE04EC0-301F-11D3-BF4B-00C04F79EFBC}") = "Presentation", "Presentation\Presentation.csproj", "{C173A00D-5D51-4C8F-AB73-708AF467A1EB}"
EndProject
Global
	GlobalSection(SolutionConfigurationPlatforms) = preSolution
		Debug|Any CPU = Debug|Any CPU
		Release|Any CPU = Release|Any CPU
	EndGlobalSection
	GlobalSection(ProjectConfigurationPlatforms) = postSolution
		{C173A00D-5D51-4C8F-AB73-708AF467A1EB}.Debug|Any CPU.ActiveCfg = Debug|Any CPU
		{C173A00D-5D51-4C8F-AB73-708AF467A1EB}.Debug|Any CPU.Build.0 = Debug|Any CPU
		{C173A00D-5D51-4C8F-AB73-708AF467A1EB}.Release|Any CPU.ActiveCfg = Release|Any CPU
		{C173A00D-5D51-4C8F-AB73-708AF467A1EB}.Release|Any CPU.Build.0 = Release|Any CPU
	EndGlobalSection
	GlobalSection(SolutionProperties) = preSolution
		HideSolutionNode = FALSE
	EndGlobalSection
	GlobalSection(ExtensibilityGlobals) = postSolution
		SolutionGuid = {FFA4284F-7D61-4B06-9CE6-3C65D20BFF96}
	EndGlobalSection
EndGlobal
